github.com/dhowden/tag v0.0.0-20220618230019-adf36e896086 h1:ORubSQoKnncsBnR4zD9CuYFJCPOCuSNEpWEZrDdBXkc=
github.com/dhowden/tag v0.0.0-20220618230019-adf36e896086/go.mod h1:Z3Lomva4pyMWYezjMAU5QWRh0p1VvO4199OHlFnyKkM=
github.com/mattn/go-sqlite3 v1.14.14 h1:qZgc/Rwetq+MtyE18WhzjokPD93dNqLGNT3QJuLvBGw=
github.com/mattn/go-sqlite3 v1.14.14/go.mod h1:NyWgC/yNuGj7Q9rpYnZvas74GogHl5/Z4A/KQRfk6bU=
